
Microsoft Visual Studio Solution File, Format Version 12.00
# Visual Studio Version 16
VisualStudioVersion = 16.0.29709.97
MinimumVisualStudioVersion = 10.0.40219.1
Project("{FAE04EC0-301F-11D3-BF4B-00C04F79EFBC}") = "MessagingService", "MessagingService\MessagingService.csproj", "{0E4002A2-6CF3-47B7-9680-2F26581FDC1F}"
EndProject
Global
	GlobalSection(SolutionConfigurationPlatforms) = preSolution
		Debug|Any CPU = Debug|Any CPU
		Release|Any CPU = Release|Any CPU
	EndGlobalSection
	GlobalSection(ProjectConfigurationPlatforms) = postSolution
		{0E4002A2-6CF3-47B7-9680-2F26581FDC1F}.Debug|Any CPU.ActiveCfg = Debug|Any CPU
		{0E4002A2-6CF3-47B7-9680-2F26581FDC1F}.Debug|Any CPU.Build.0 = Debug|Any CPU
		{0E4002A2-6CF3-47B7-9680-2F26581FDC1F}.Release|Any CPU.ActiveCfg = Release|Any CPU
		{0E4002A2-6CF3-47B7-9680-2F26581FDC1F}.Release|Any CPU.Build.0 = Release|Any CPU
	EndGlobalSection
	GlobalSection(SolutionProperties) = preSolution
		HideSolutionNode = FALSE
	EndGlobalSection
	GlobalSection(ExtensibilityGlobals) = postSolution
		SolutionGuid = {5216FC72-C20B-40A4-B989-EEEAC9CBB95B}
	EndGlobalSection
EndGlobal
